
Microsoft Visual Studio Solution File, Format Version 12.00
# Visual Studio Version 17
VisualStudioVersion = 17.4.33213.308
MinimumVisualStudioVersion = 10.0.40219.1
Project("{FAE04EC0-301F-11D3-BF4B-00C04F79EFBC}") = "PrivateMultipleObjects", "PrivateMultipleObjects\PrivateMultipleObjects.csproj", "{83849DB6-68E3-4F85-9F5F-63B471D05207}"
EndProject
Global
	GlobalSection(SolutionConfigurationPlatforms) = preSolution
		Debug|Any CPU = Debug|Any CPU
		Release|Any CPU = Release|Any CPU
	EndGlobalSection
	GlobalSection(ProjectConfigurationPlatforms) = postSolution
		{83849DB6-68E3-4F85-9F5F-63B471D05207}.Debug|Any CPU.ActiveCfg = Debug|Any CPU
		{83849DB6-68E3-4F85-9F5F-63B471D05207}.Debug|Any CPU.Build.0 = Debug|Any CPU
		{83849DB6-68E3-4F85-9F5F-63B471D05207}.Release|Any CPU.ActiveCfg = Release|Any CPU
		{83849DB6-68E3-4F85-9F5F-63B471D05207}.Release|Any CPU.Build.0 = Release|Any CPU
	EndGlobalSection
	GlobalSection(SolutionProperties) = preSolution
		HideSolutionNode = FALSE
	EndGlobalSection
	GlobalSection(ExtensibilityGlobals) = postSolution
		SolutionGuid = {D1DE0B0A-348A-4761-9D55-99BB7758AF61}
	EndGlobalSection
EndGlobal
